// !$*UTF8*$!
{
	archiveVersion = 1;
	classes = {
	};
	objectVersion = 46;
	objects = {

/* Begin PBXBuildFile section */
		2A4AFD551DAD591400079D4D /* AppDelegate.swift in Sources */ = {isa = PBXBuildFile; fileRef = 2A4AFD541DAD591400079D4D /* AppDelegate.swift */; };
		2A4AFD571DAD591400079D4D /* PlayerViewController.swift in Sources */ = {isa = PBXBuildFile; fileRef = 2A4AFD561DAD591400079D4D /* PlayerViewController.swift */; };
		2A4AFD5A1DAD591400079D4D /* Main.storyboard in Resources */ = {isa = PBXBuildFile; fileRef = 2A4AFD581DAD591400079D4D /* Main.storyboard */; };
		2A4AFD5C1DAD591400079D4D /* Assets.xcassets in Resources */ = {isa = PBXBuildFile; fileRef = 2A4AFD5B1DAD591400079D4D /* Assets.xcassets */; };
		2A4AFD5F1DAD591400079D4D /* LaunchScreen.storyboard in Resources */ = {isa = PBXBuildFile; fileRef = 2A4AFD5D1DAD591400079D4D /* LaunchScreen.storyboard */; };
		2A4AFD6A1DAD591400079D4D /* KigiScoreTrackerTests.swift in Sources */ = {isa = PBXBuildFile; fileRef = 2A4AFD691DAD591400079D4D /* KigiScoreTrackerTests.swift */; };
		2A4AFD751DAD591400079D4D /* KigiScoreTrackerUITests.swift in Sources */ = {isa = PBXBuildFile; fileRef = 2A4AFD741DAD591400079D4D /* KigiScoreTrackerUITests.swift */; };
		2A4AFD831DAD59BA00079D4D /* ScoreViewController.swift in Sources */ = {isa = PBXBuildFile; fileRef = 2A4AFD821DAD59BA00079D4D /* ScoreViewController.swift */; };
/* End PBXBuildFile section */

/* Begin PBXContainerItemProxy section */
		2A4AFD661DAD591400079D4D /* PBXContainerItemProxy */ = {
			isa = PBXContainerItemProxy;
			containerPortal = 2A4AFD491DAD591400079D4D /* Project object */;
			proxyType = 1;
			remoteGlobalIDString = 2A4AFD501DAD591400079D4D;
			remoteInfo = KigiScoreTracker;
		};
		2A4AFD711DAD591400079D4D /* PBXContainerItemProxy */ = {
			isa = PBXContainerItemProxy;
			containerPortal = 2A4AFD491DAD591400079D4D /* Project object */;
			proxyType = 1;
			remoteGlobalIDString = 2A4AFD501DAD591400079D4D;
			remoteInfo = KigiScoreTracker;
		};
/* End PBXContainerItemProxy section */

/* Begin PBXFileReference section */
		2A4AFD511DAD591400079D4D /* KigiScoreTracker.app */ = {isa = PBXFileReference; explicitFileType = wrapper.application; includeInIndex = 0; path = KigiScoreTracker.app; sourceTree = BUILT_PRODUCTS_DIR; };
		2A4AFD541DAD591400079D4D /* AppDelegate.swift */ = {isa = PBXFileReference; lastKnownFileType = sourcecode.swift; path = AppDelegate.swift; sourceTree = "<group>"; };
		2A4AFD561DAD591400079D4D /* PlayerViewController.swift */ = {isa = PBXFileReference; lastKnownFileType = sourcecode.swift; path = PlayerViewController.swift; sourceTree = "<group>"; };
		2A4AFD591DAD591400079D4D /* Base */ = {isa = PBXFileReference; lastKnownFileType = file.storyboard; name = Base; path = Base.lproj/Main.storyboard; sourceTree = "<group>"; };
		2A4AFD5B1DAD591400079D4D /* Assets.xcassets */ = {isa = PBXFileReference; lastKnownFileType = folder.assetcatalog; path = Assets.xcassets; sourceTree = "<group>"; };
		2A4AFD5E1DAD591400079D4D /* Base */ = {isa = PBXFileReference; lastKnownFileType = file.storyboard; name = Base; path = Base.lproj/LaunchScreen.storyboard; sourceTree = "<group>"; };
		2A4AFD601DAD591400079D4D /* Info.plist */ = {isa = PBXFileReference; lastKnownFileType = text.plist.xml; path = Info.plist; sourceTree = "<group>"; };
		2A4AFD651DAD591400079D4D /* KigiScoreTrackerTests.xctest */ = {isa = PBXFileReference; explicitFileType = wrapper.cfbundle; includeInIndex = 0; path = KigiScoreTrackerTests.xctest; sourceTree = BUILT_PRODUCTS_DIR; };
		2A4AFD691DAD591400079D4D /* KigiScoreTrackerTests.swift */ = {isa = PBXFileReference; lastKnownFileType = sourcecode.swift; path = KigiScoreTrackerTests.swift; sourceTree = "<group>"; };
		2A4AFD6B1DAD591400079D4D /* Info.plist */ = {isa = PBXFileReference; lastKnownFileType = text.plist.xml; path = Info.plist; sourceTree = "<group>"; };
		2A4AFD701DAD591400079D4D /* KigiScoreTrackerUITests.xctest */ = {isa = PBXFileReference; explicitFileType = wrapper.cfbundle; includeInIndex = 0; path = KigiScoreTrackerUITests.xctest; sourceTree = BUILT_PRODUCTS_DIR; };
		2A4AFD741DAD591400079D4D /* KigiScoreTrackerUITests.swift */ = {isa = PBXFileReference; lastKnownFileType = sourcecode.swift; path = KigiScoreTrackerUITests.swift; sourceTree = "<group>"; };
		2A4AFD761DAD591400079D4D /* Info.plist */ = {isa = PBXFileReference; lastKnownFileType = text.plist.xml; path = Info.plist; sourceTree = "<group>"; };
		2A4AFD821DAD59BA00079D4D /* ScoreViewController.swift */ = {isa = PBXFileReference; fileEncoding = 4; lastKnownFileType = sourcecode.swift; path = ScoreViewController.swift; sourceTree = "<group>"; };
/* End PBXFileReference section */

/* Begin PBXFrameworksBuildPhase section */
		2A4AFD4E1DAD591400079D4D /* Frameworks */ = {
			isa = PBXFrameworksBuildPhase;
			buildActionMask = 2147483647;
			files = (
			);
			runOnlyForDeploymentPostprocessing = 0;
		};
		2A4AFD621DAD591400079D4D /* Frameworks */ = {
			isa = PBXFrameworksBuildPhase;
			buildActionMask = 2147483647;
			files = (
			);
			runOnlyForDeploymentPostprocessing = 0;
		};
		2A4AFD6D1DAD591400079D4D /* Frameworks */ = {
			isa = PBXFrameworksBuildPhase;
			buildActionMask = 2147483647;
			files = (
			);
			runOnlyForDeploymentPostprocessing = 0;
		};
/* End PBXFrameworksBuildPhase section */

/* Begin PBXGroup section */
		2A4AFD481DAD591400079D4D = {
			isa = PBXGroup;
			children = (
				2A4AFD531DAD591400079D4D /* KigiScoreTracker */,
				2A4AFD681DAD591400079D4D /* KigiScoreTrackerTests */,
				2A4AFD731DAD591400079D4D /* KigiScoreTrackerUITests */,
				2A4AFD521DAD591400079D4D /* Products */,
			);
			sourceTree = "<group>";
		};
		2A4AFD521DAD591400079D4D /* Products */ = {
			isa = PBXGroup;
			children = (
				2A4AFD511DAD591400079D4D /* KigiScoreTracker.app */,
				2A4AFD651DAD591400079D4D /* KigiScoreTrackerTests.xctest */,
				2A4AFD701DAD591400079D4D /* KigiScoreTrackerUITests.xctest */,
			);
			name = Products;
			sourceTree = "<group>";
		};
		2A4AFD531DAD591400079D4D /* KigiScoreTracker */ = {
			isa = PBXGroup;
			children = (
				2A4AFD541DAD591400079D4D /* AppDelegate.swift */,
				2A4AFD561DAD591400079D4D /* PlayerViewController.swift */,
				2A4AFD581DAD591400079D4D /* Main.storyboard */,
				2A4AFD5B1DAD591400079D4D /* Assets.xcassets */,
				2A4AFD5D1DAD591400079D4D /* LaunchScreen.storyboard */,
				2A4AFD601DAD591400079D4D /* Info.plist */,
				2A4AFD821DAD59BA00079D4D /* ScoreViewController.swift */,
			);
			path = KigiScoreTracker;
			sourceTree = "<group>";
		};
		2A4AFD681DAD591400079D4D /* KigiScoreTrackerTests */ = {
			isa = PBXGroup;
			children = (
				2A4AFD691DAD591400079D4D /* KigiScoreTrackerTests.swift */,
				2A4AFD6B1DAD591400079D4D /* Info.plist */,
			);
			path = KigiScoreTrackerTests;
			sourceTree = "<group>";
		};
		2A4AFD731DAD591400079D4D /* KigiScoreTrackerUITests */ = {
			isa = PBXGroup;
			children = (
				2A4AFD741DAD591400079D4D /* KigiScoreTrackerUITests.swift */,
				2A4AFD761DAD591400079D4D /* Info.plist */,
			);
			path = KigiScoreTrackerUITests;
			sourceTree = "<group>";
		};
/* End PBXGroup section */

/* Begin PBXNativeTarget section */
		2A4AFD501DAD591400079D4D /* KigiScoreTracker */ = {
			isa = PBXNativeTarget;
			buildConfigurationList = 2A4AFD791DAD591400079D4D /* Build configuration list for PBXNativeTarget "KigiScoreTracker" */;
			buildPhases = (
				2A4AFD4D1DAD591400079D4D /* Sources */,
				2A4AFD4E1DAD591400079D4D /* Frameworks */,
				2A4AFD4F1DAD591400079D4D /* Resources */,
			);
			buildRules = (
			);
			dependencies = (
			);
			name = KigiScoreTracker;
			productName = KigiScoreTracker;
			productReference = 2A4AFD511DAD591400079D4D /* KigiScoreTracker.app */;
			productType = "com.apple.product-type.application";
		};
		2A4AFD641DAD591400079D4D /* KigiScoreTrackerTests */ = {
			isa = PBXNativeTarget;
			buildConfigurationList = 2A4AFD7C1DAD591400079D4D /* Build configuration list for PBXNativeTarget "KigiScoreTrackerTests" */;
			buildPhases = (
				2A4AFD611DAD591400079D4D /* Sources */,
				2A4AFD621DAD591400079D4D /* Frameworks */,
				2A4AFD631DAD591400079D4D /* Resources */,
			);
			buildRules = (
			);
			dependencies = (
				2A4AFD671DAD591400079D4D /* PBXTargetDependency */,
			);
			name = KigiScoreTrackerTests;
			productName = KigiScoreTrackerTests;
			productReference = 2A4AFD651DAD591400079D4D /* KigiScoreTrackerTests.xctest */;
			productType = "com.apple.product-type.bundle.unit-test";
		};
		2A4AFD6F1DAD591400079D4D /* KigiScoreTrackerUITests */ = {
			isa = PBXNativeTarget;
			buildConfigurationList = 2A4AFD7F1DAD591400079D4D /* Build configuration list for PBXNativeTarget "KigiScoreTrackerUITests" */;
			buildPhases = (
				2A4AFD6C1DAD591400079D4D /* Sources */,
				2A4AFD6D1DAD591400079D4D /* Frameworks */,
				2A4AFD6E1DAD591400079D4D /* Resources */,
			);
			buildRules = (
			);
			dependencies = (
				2A4AFD721DAD591400079D4D /* PBXTargetDependency */,
			);
			name = KigiScoreTrackerUITests;
			productName = KigiScoreTrackerUITests;
			productReference = 2A4AFD701DAD591400079D4D /* KigiScoreTrackerUITests.xctest */;
			productType = "com.apple.product-type.bundle.ui-testing";
		};
/* End PBXNativeTarget section */

/* Begin PBXProject section */
		2A4AFD491DAD591400079D4D /* Project object */ = {
			isa = PBXProject;
			attributes = {
				LastSwiftUpdateCheck = 0800;
				LastUpgradeCheck = 0800;
				ORGANIZATIONNAME = "William Breen";
				TargetAttributes = {
					2A4AFD501DAD591400079D4D = {
						CreatedOnToolsVersion = 8.0;
						ProvisioningStyle = Automatic;
					};
					2A4AFD641DAD591400079D4D = {
						CreatedOnToolsVersion = 8.0;
						ProvisioningStyle = Automatic;
						TestTargetID = 2A4AFD501DAD591400079D4D;
					};
					2A4AFD6F1DAD591400079D4D = {
						CreatedOnToolsVersion = 8.0;
						ProvisioningStyle = Automatic;
						TestTargetID = 2A4AFD501DAD591400079D4D;
					};
				};
			};
			buildConfigurationList = 2A4AFD4C1DAD591400079D4D /* Build configuration list for PBXProject "KigiScoreTracker" */;
			compatibilityVersion = "Xcode 3.2";
			developmentRegion = English;
			hasScannedForEncodings = 0;
			knownRegions = (
				en,
				Base,
			);
			mainGroup = 2A4AFD481DAD591400079D4D;
			productRefGroup = 2A4AFD521DAD591400079D4D /* Products */;
			projectDirPath = "";
			projectRoot = "";
			targets = (
				2A4AFD501DAD591400079D4D /* KigiScoreTracker */,
				2A4AFD641DAD591400079D4D /* KigiScoreTrackerTests */,
				2A4AFD6F1DAD591400079D4D /* KigiScoreTrackerUITests */,
			);
		};
/* End PBXProject section */

/* Begin PBXResourcesBuildPhase section */
		2A4AFD4F1DAD591400079D4D /* Resources */ = {
			isa = PBXResourcesBuildPhase;
			buildActionMask = 2147483647;
			files = (
				2A4AFD5F1DAD591400079D4D /* LaunchScreen.storyboard in Resources */,
				2A4AFD5C1DAD591400079D4D /* Assets.xcassets in Resources */,
				2A4AFD5A1DAD591400079D4D /* Main.storyboard in Resources */,
			);
			runOnlyForDeploymentPostprocessing = 0;
		};
		2A4AFD631DAD591400079D4D /* Resources */ = {
			isa = PBXResourcesBuildPhase;
			buildActionMask = 2147483647;
			files = (
			);
			runOnlyForDeploymentPostprocessing = 0;
		};
		2A4AFD6E1DAD591400079D4D /* Resources */ = {
			isa = PBXResourcesBuildPhase;
			buildActionMask = 2147483647;
			files = (
			);
			runOnlyForDeploymentPostprocessing = 0;
		};
/* End PBXResourcesBuildPhase section */

/* Begin PBXSourcesBuildPhase section */
		2A4AFD4D1DAD591400079D4D /* Sources */ = {
			isa = PBXSourcesBuildPhase;
			buildActionMask = 2147483647;
			files = (
				2A4AFD571DAD591400079D4D /* PlayerViewController.swift in Sources */,
				2A4AFD551DAD591400079D4D /* AppDelegate.swift in Sources */,
				2A4AFD831DAD59BA00079D4D /* ScoreViewController.swift in Sources */,
			);
			runOnlyForDeploymentPostprocessing = 0;
		};
		2A4AFD611DAD591400079D4D /* Sources */ = {
			isa = PBXSourcesBuildPhase;
			buildActionMask = 2147483647;
			files = (
				2A4AFD6A1DAD591400079D4D /* KigiScoreTrackerTests.swift in Sources */,
			);
			runOnlyForDeploymentPostprocessing = 0;
		};
		2A4AFD6C1DAD591400079D4D /* Sources */ = {
			isa = PBXSourcesBuildPhase;
			buildActionMask = 2147483647;
			files = (
				2A4AFD751DAD591400079D4D /* KigiScoreTrackerUITests.swift in Sources */,
			);
			runOnlyForDeploymentPostprocessing = 0;
		};
/* End PBXSourcesBuildPhase section */

/* Begin PBXTargetDependency section */
		2A4AFD671DAD591400079D4D /* PBXTargetDependency */ = {
			isa = PBXTargetDependency;
			target = 2A4AFD501DAD591400079D4D /* KigiScoreTracker */;
			targetProxy = 2A4AFD661DAD591400079D4D /* PBXContainerItemProxy */;
		};
		2A4AFD721DAD591400079D4D /* PBXTargetDependency */ = {
			isa = PBXTargetDependency;
			target = 2A4AFD501DAD591400079D4D /* KigiScoreTracker */;
			targetProxy = 2A4AFD711DAD591400079D4D /* PBXContainerItemProxy */;
		};
/* End PBXTargetDependency section */

/* Begin PBXVariantGroup section */
		2A4AFD581DAD591400079D4D /* Main.storyboard */ = {
			isa = PBXVariantGroup;
			children = (
				2A4AFD591DAD591400079D4D /* Base */,
			);
			name = Main.storyboard;
			sourceTree = "<group>";
		};
		2A4AFD5D1DAD591400079D4D /* LaunchScreen.storyboard */ = {
			isa = PBXVariantGroup;
			children = (
				2A4AFD5E1DAD591400079D4D /* Base */,
			);
			name = LaunchScreen.storyboard;
			sourceTree = "<group>";
		};
/* End PBXVariantGroup section */

/* Begin XCBuildConfiguration section */
		2A4AFD771DAD591400079D4D /* Debug */ = {
			isa = XCBuildConfiguration;
			buildSettings = {
				ALWAYS_SEARCH_USER_PATHS = NO;
				CLANG_ANALYZER_NONNULL = YES;
				CLANG_CXX_LANGUAGE_STANDARD = "gnu++0x";
				CLANG_CXX_LIBRARY = "libc++";
				CLANG_ENABLE_MODULES = YES;
				CLANG_ENABLE_OBJC_ARC = YES;
				CLANG_WARN_BOOL_CONVERSION = YES;
				CLANG_WARN_CONSTANT_CONVERSION = YES;
				CLANG_WARN_DIRECT_OBJC_ISA_USAGE = YES_ERROR;
				CLANG_WARN_DOCUMENTATION_COMMENTS = YES;
				CLANG_WARN_EMPTY_BODY = YES;
				CLANG_WARN_ENUM_CONVERSION = YES;
				CLANG_WARN_INFINITE_RECURSION = YES;
				CLANG_WARN_INT_CONVERSION = YES;
				CLANG_WARN_OBJC_ROOT_CLASS = YES_ERROR;
				CLANG_WARN_SUSPICIOUS_MOVES = YES;
				CLANG_WARN_UNREACHABLE_CODE = YES;
				CLANG_WARN__DUPLICATE_METHOD_MATCH = YES;
				"CODE_SIGN_IDENTITY[sdk=iphoneos*]" = "iPhone Developer";
				COPY_PHASE_STRIP = NO;
				DEBUG_INFORMATION_FORMAT = dwarf;
				ENABLE_STRICT_OBJC_MSGSEND = YES;
				ENABLE_TESTABILITY = YES;
				GCC_C_LANGUAGE_STANDARD = gnu99;
				GCC_DYNAMIC_NO_PIC = NO;
				GCC_NO_COMMON_BLOCKS = YES;
				GCC_OPTIMIZATION_LEVEL = 0;
				GCC_PREPROCESSOR_DEFINITIONS = (
					"DEBUG=1",
					"$(inherited)",
				);
				GCC_WARN_64_TO_32_BIT_CONVERSION = YES;
				GCC_WARN_ABOUT_RETURN_TYPE = YES_ERROR;
				GCC_WARN_UNDECLARED_SELECTOR = YES;
				GCC_WARN_UNINITIALIZED_AUTOS = YES_AGGRESSIVE;
				GCC_WARN_UNUSED_FUNCTION = YES;
				GCC_WARN_UNUSED_VARIABLE = YES;
				IPHONEOS_DEPLOYMENT_TARGET = 10.0;
				MTL_ENABLE_DEBUG_INFO = YES;
				ONLY_ACTIVE_ARCH = YES;
				SDKROOT = iphoneos;
				SWIFT_ACTIVE_COMPILATION_CONDITIONS = DEBUG;
				SWIFT_OPTIMIZATION_LEVEL = "-Onone";
				TARGETED_DEVICE_FAMILY = "1,2";
			};
			name = Debug;
		};
		2A4AFD781DAD591400079D4D /* Release */ = {
			isa = XCBuildConfiguration;
			buildSettings = {
				ALWAYS_SEARCH_USER_PATHS = NO;
				CLANG_ANALYZER_NONNULL = YES;
				CLANG_CXX_LANGUAGE_STANDARD = "gnu++0x";
				CLANG_CXX_LIBRARY = "libc++";
				CLANG_ENABLE_MODULES = YES;
				CLANG_ENABLE_OBJC_ARC = YES;
				CLANG_WARN_BOOL_CONVERSION = YES;
				CLANG_WARN_CONSTANT_CONVERSION = YES;
				CLANG_WARN_DIRECT_OBJC_ISA_USAGE = YES_ERROR;
				CLANG_WARN_DOCUMENTATION_COMMENTS = YES;
				CLANG_WARN_EMPTY_BODY = YES;
				CLANG_WARN_ENUM_CONVERSION = YES;
				CLANG_WARN_INFINITE_RECURSION = YES;
				CLANG_WARN_INT_CONVERSION = YES;
				CLANG_WARN_OBJC_ROOT_CLASS = YES_ERROR;
				CLANG_WARN_SUSPICIOUS_MOVES = YES;
				CLANG_WARN_UNREACHABLE_CODE = YES;
				CLANG_WARN__DUPLICATE_METHOD_MATCH = YES;
				"CODE_SIGN_IDENTITY[sdk=iphoneos*]" = "iPhone Developer";
				COPY_PHASE_STRIP = NO;
				DEBUG_INFORMATION_FORMAT = "dwarf-with-dsym";
				ENABLE_NS_ASSERTIONS = NO;
				ENABLE_STRICT_OBJC_MSGSEND = YES;
				GCC_C_LANGUAGE_STANDARD = gnu99;
				GCC_NO_COMMON_BLOCKS = YES;
				GCC_WARN_64_TO_32_BIT_CONVERSION = YES;
				GCC_WARN_ABOUT_RETURN_TYPE = YES_ERROR;
				GCC_WARN_UNDECLARED_SELECTOR = YES;
				GCC_WARN_UNINITIALIZED_AUTOS = YES_AGGRESSIVE;
				GCC_WARN_UNUSED_FUNCTION = YES;
				GCC_WARN_UNUSED_VARIABLE = YES;
				IPHONEOS_DEPLOYMENT_TARGET = 10.0;
				MTL_ENABLE_DEBUG_INFO = NO;
				SDKROOT = iphoneos;
				SWIFT_OPTIMIZATION_LEVEL = "-Owholemodule";
				TARGETED_DEVICE_FAMILY = "1,2";
				VALIDATE_PRODUCT = YES;
			};
			name = Release;
		};
		2A4AFD7A1DAD591400079D4D /* Debug */ = {
			isa = XCBuildConfiguration;
			buildSettings = {
				ASSETCATALOG_COMPILER_APPICON_NAME = AppIcon;
				INFOPLIST_FILE = KigiScoreTracker/Info.plist;
				LD_RUNPATH_SEARCH_PATHS = "$(inherited) @executable_path/Frameworks";
				PRODUCT_BUNDLE_IDENTIFIER = edu.elon.mobile.cs.KigiScoreTracker;
				PRODUCT_NAME = "$(TARGET_NAME)";
				SWIFT_VERSION = 3.0;
			};
			name = Debug;
		};
		2A4AFD7B1DAD591400079D4D /* Release */ = {
			isa = XCBuildConfiguration;
			buildSettings = {
				ASSETCATALOG_COMPILER_APPICON_NAME = AppIcon;
				INFOPLIST_FILE = KigiScoreTracker/Info.plist;
				LD_RUNPATH_SEARCH_PATHS = "$(inherited) @executable_path/Frameworks";
				PRODUCT_BUNDLE_IDENTIFIER = edu.elon.mobile.cs.KigiScoreTracker;
				PRODUCT_NAME = "$(TARGET_NAME)";
				SWIFT_VERSION = 3.0;
			};
			name = Release;
		};
		2A4AFD7D1DAD591400079D4D /* Debug */ = {
			isa = XCBuildConfiguration;
			buildSettings = {
				ALWAYS_EMBED_SWIFT_STANDARD_LIBRARIES = YES;
				BUNDLE_LOADER = "$(TEST_HOST)";
				INFOPLIST_FILE = KigiScoreTrackerTests/Info.plist;
				LD_RUNPATH_SEARCH_PATHS = "$(inherited) @executable_path/Frameworks @loader_path/Frameworks";
				PRODUCT_BUNDLE_IDENTIFIER = edu.elon.mobile.cs.KigiScoreTrackerTests;
				PRODUCT_NAME = "$(TARGET_NAME)";
				SWIFT_VERSION = 3.0;
				TEST_HOST = "$(BUILT_PRODUCTS_DIR)/KigiScoreTracker.app/KigiScoreTracker";
			};
			name = Debug;
		};
		2A4AFD7E1DAD591400079D4D /* Release */ = {
			isa = XCBuildConfiguration;
			buildSettings = {
				ALWAYS_EMBED_SWIFT_STANDARD_LIBRARIES = YES;
				BUNDLE_LOADER = "$(TEST_HOST)";
				INFOPLIST_FILE = KigiScoreTrackerTests/Info.plist;
				LD_RUNPATH_SEARCH_PATHS = "$(inherited) @executable_path/Frameworks @loader_path/Frameworks";
				PRODUCT_BUNDLE_IDENTIFIER = edu.elon.mobile.cs.KigiScoreTrackerTests;
				PRODUCT_NAME = "$(TARGET_NAME)";
				SWIFT_VERSION = 3.0;
				TEST_HOST = "$(BUILT_PRODUCTS_DIR)/KigiScoreTracker.app/KigiScoreTracker";
			};
			name = Release;
		};
		2A4AFD801DAD591400079D4D /* Debug */ = {
			isa = XCBuildConfiguration;
			buildSettings = {
				ALWAYS_EMBED_SWIFT_STANDARD_LIBRARIES = YES;
				INFOPLIST_FILE = KigiScoreTrackerUITests/Info.plist;
				LD_RUNPATH_SEARCH_PATHS = "$(inherited) @executable_path/Frameworks @loader_path/Frameworks";
				PRODUCT_BUNDLE_IDENTIFIER = edu.elon.mobile.cs.KigiScoreTrackerUITests;
				PRODUCT_NAME = "$(TARGET_NAME)";
				SWIFT_VERSION = 3.0;
				TEST_TARGET_NAME = KigiScoreTracker;
			};
			name = Debug;
		};
		2A4AFD811DAD591400079D4D /* Release */ = {
			isa = XCBuildConfiguration;
			buildSettings = {
				ALWAYS_EMBED_SWIFT_STANDARD_LIBRARIES = YES;
				INFOPLIST_FILE = KigiScoreTrackerUITests/Info.plist;
				LD_RUNPATH_SEARCH_PATHS = "$(inherited) @executable_path/Frameworks @loader_path/Frameworks";
				PRODUCT_BUNDLE_IDENTIFIER = edu.elon.mobile.cs.KigiScoreTrackerUITests;
				PRODUCT_NAME = "$(TARGET_NAME)";
				SWIFT_VERSION = 3.0;
				TEST_TARGET_NAME = KigiScoreTracker;
			};
			name = Release;
		};
/* End XCBuildConfiguration section */

/* Begin XCConfigurationList section */
		2A4AFD4C1DAD591400079D4D /* Build configuration list for PBXProject "KigiScoreTracker" */ = {
			isa = XCConfigurationList;
			buildConfigurations = (
				2A4AFD771DAD591400079D4D /* Debug */,
				2A4AFD781DAD591400079D4D /* Release */,
			);
			defaultConfigurationIsVisible = 0;
			defaultConfigurationName = Release;
		};
		2A4AFD791DAD591400079D4D /* Build configuration list for PBXNativeTarget "KigiScoreTracker" */ = {
			isa = XCConfigurationList;
			buildConfigurations = (
				2A4AFD7A1DAD591400079D4D /* Debug */,
				2A4AFD7B1DAD591400079D4D /* Release */,
			);
			defaultConfigurationIsVisible = 0;
		};
		2A4AFD7C1DAD591400079D4D /* Build configuration list for PBXNativeTarget "KigiScoreTrackerTests" */ = {
			isa = XCConfigurationList;
			buildConfigurations = (
				2A4AFD7D1DAD591400079D4D /* Debug */,
				2A4AFD7E1DAD591400079D4D /* Release */,
			);
			defaultConfigurationIsVisible = 0;
		};
		2A4AFD7F1DAD591400079D4D /* Build configuration list for PBXNativeTarget "KigiScoreTrackerUITests" */ = {
			isa = XCConfigurationList;
			buildConfigurations = (
				2A4AFD801DAD591400079D4D /* Debug */,
				2A4AFD811DAD591400079D4D /* Release */,
			);
			defaultConfigurationIsVisible = 0;
		};
/* End XCConfigurationList section */
	};
	rootObject = 2A4AFD491DAD591400079D4D /* Project object */;
}
